
Microsoft Visual Studio Solution File, Format Version 12.00
# Visual Studio Version 16
VisualStudioVersion = 16.0.30804.86
MinimumVisualStudioVersion = 10.0.40219.1
Project("{9A19103F-16F7-4668-BE54-9A1E7A4F7556}") = "MUNitySchema", "MUNitySchema\MUNitySchema.csproj", "{14827A3F-74DA-4570-9B36-05CAC2D6B425}"
EndProject
Project("{FAE04EC0-301F-11D3-BF4B-00C04F79EFBC}") = "MunityNUnitTest", "MunityNUnitTest\MunityNUnitTest.csproj", "{F24F085D-8DD5-4AB9-84CB-EA39EF0BE3F2}"
EndProject
Global
	GlobalSection(SolutionConfigurationPlatforms) = preSolution
		Debug|Any CPU = Debug|Any CPU
		Release|Any CPU = Release|Any CPU
	EndGlobalSection
	GlobalSection(ProjectConfigurationPlatforms) = postSolution
		{14827A3F-74DA-4570-9B36-05CAC2D6B425}.Debug|Any CPU.ActiveCfg = Debug|Any CPU
		{14827A3F-74DA-4570-9B36-05CAC2D6B425}.Debug|Any CPU.Build.0 = Debug|Any CPU
		{14827A3F-74DA-4570-9B36-05CAC2D6B425}.Release|Any CPU.ActiveCfg = Release|Any CPU
		{14827A3F-74DA-4570-9B36-05CAC2D6B425}.Release|Any CPU.Build.0 = Release|Any CPU
		{F24F085D-8DD5-4AB9-84CB-EA39EF0BE3F2}.Debug|Any CPU.ActiveCfg = Debug|Any CPU
		{F24F085D-8DD5-4AB9-84CB-EA39EF0BE3F2}.Debug|Any CPU.Build.0 = Debug|Any CPU
		{F24F085D-8DD5-4AB9-84CB-EA39EF0BE3F2}.Release|Any CPU.ActiveCfg = Release|Any CPU
		{F24F085D-8DD5-4AB9-84CB-EA39EF0BE3F2}.Release|Any CPU.Build.0 = Release|Any CPU
	EndGlobalSection
	GlobalSection(SolutionProperties) = preSolution
		HideSolutionNode = FALSE
	EndGlobalSection
	GlobalSection(ExtensibilityGlobals) = postSolution
		SolutionGuid = {2EDE3C07-C342-409F-8730-BCEA54254DB9}
	EndGlobalSection
EndGlobal
